// !$*UTF8*$!
{
	archiveVersion = 1;
	classes = {
	};
	objectVersion = 77;
	objects = {

/* Begin PBXBuildFile section */
		F87D267E2D77ACD800CE746F /* FirebaseAuth in Frameworks */ = {isa = PBXBuildFile; productRef = F87D267D2D77ACD800CE746F /* FirebaseAuth */; };
		F87D26802D77ACD800CE746F /* FirebaseAuthCombine-Community in Frameworks */ = {isa = PBXBuildFile; productRef = F87D267F2D77ACD800CE746F /* FirebaseAuthCombine-Community */; };
		F87D26822D77ACD800CE746F /* FirebaseCore in Frameworks */ = {isa = PBXBuildFile; productRef = F87D26812D77ACD800CE746F /* FirebaseCore */; };
		F87D26842D77ACD800CE746F /* FirebaseDatabase in Frameworks */ = {isa = PBXBuildFile; productRef = F87D26832D77ACD800CE746F /* FirebaseDatabase */; };
		F87D26862D77ACD800CE746F /* FirebaseFirestore in Frameworks */ = {isa = PBXBuildFile; productRef = F87D26852D77ACD800CE746F /* FirebaseFirestore */; };
		F87D26882D77ACD800CE746F /* FirebaseFirestoreCombine-Community in Frameworks */ = {isa = PBXBuildFile; productRef = F87D26872D77ACD800CE746F /* FirebaseFirestoreCombine-Community */; };
		F88E6C1E2DC131C2007BD93F /* FirebaseInAppMessaging-Beta in Frameworks */ = {isa = PBXBuildFile; productRef = F88E6C1D2DC131C2007BD93F /* FirebaseInAppMessaging-Beta */; };
		F89E4A322D86135C008C31FD /* OpenAI in Frameworks */ = {isa = PBXBuildFile; productRef = F89E4A312D86135C008C31FD /* OpenAI */; };
		F8B0DDDE2DDD45E5000B4D16 /* SDWebImageSwiftUI in Frameworks */ = {isa = PBXBuildFile; productRef = F8B0DDDD2DDD45E5000B4D16 /* SDWebImageSwiftUI */; };
		F8B0DE5E2DDE9065000B4D16 /* GoogleSignIn in Frameworks */ = {isa = PBXBuildFile; productRef = F8B0DE5D2DDE9065000B4D16 /* GoogleSignIn */; };
		F8B0DE602DDE9065000B4D16 /* GoogleSignInSwift in Frameworks */ = {isa = PBXBuildFile; productRef = F8B0DE5F2DDE9065000B4D16 /* GoogleSignInSwift */; };
/* End PBXBuildFile section */

/* Begin PBXFileReference section */
		F87D261B2D77A9D700CE746F /* uTravel.app */ = {isa = PBXFileReference; explicitFileType = wrapper.application; includeInIndex = 0; path = uTravel.app; sourceTree = BUILT_PRODUCTS_DIR; };
		F8AD7EFC2DEF9A95005D714E /* uTravel.xcodeproj */ = {isa = PBXFileReference; lastKnownFileType = "wrapper.pb-project"; path = uTravel.xcodeproj; sourceTree = "<group>"; };
		F8AD86D32DF0C2A5005D714E /* uTravel.xcodeproj */ = {isa = PBXFileReference; lastKnownFileType = "wrapper.pb-project"; path = uTravel.xcodeproj; sourceTree = "<group>"; };
		F8AD88F12DF0C35E005D714E /* uTravel.xcodeproj */ = {isa = PBXFileReference; lastKnownFileType = "wrapper.pb-project"; path = uTravel.xcodeproj; sourceTree = "<group>"; };
/* End PBXFileReference section */

/* Begin PBXFileSystemSynchronizedBuildFileExceptionSet section */
		F8B0DE642DDFD6AF000B4D16 /* Exceptions for "uTravel" folder in "uTravel" target */ = {
			isa = PBXFileSystemSynchronizedBuildFileExceptionSet;
			membershipExceptions = (
				Info.plist,
			);
			target = F87D261A2D77A9D700CE746F /* uTravel */;
		};
/* End PBXFileSystemSynchronizedBuildFileExceptionSet section */

/* Begin PBXFileSystemSynchronizedRootGroup section */
		F87D261D2D77A9D700CE746F /* uTravel */ = {
			isa = PBXFileSystemSynchronizedRootGroup;
			exceptions = (
				F8B0DE642DDFD6AF000B4D16 /* Exceptions for "uTravel" folder in "uTravel" target */,
			);
			path = uTravel;
			sourceTree = "<group>";
		};
/* End PBXFileSystemSynchronizedRootGroup section */

/* Begin PBXFrameworksBuildPhase section */
		F87D26182D77A9D700CE746F /* Frameworks */ = {
			isa = PBXFrameworksBuildPhase;
			buildActionMask = 2147483647;
			files = (
				F87D267E2D77ACD800CE746F /* FirebaseAuth in Frameworks */,
				F87D26822D77ACD800CE746F /* FirebaseCore in Frameworks */,
				F87D26842D77ACD800CE746F /* FirebaseDatabase in Frameworks */,
				F8B0DDDE2DDD45E5000B4D16 /* SDWebImageSwiftUI in Frameworks */,
				F88E6C1E2DC131C2007BD93F /* FirebaseInAppMessaging-Beta in Frameworks */,
				F8B0DE5E2DDE9065000B4D16 /* GoogleSignIn in Frameworks */,
				F87D26882D77ACD800CE746F /* FirebaseFirestoreCombine-Community in Frameworks */,
				F89E4A322D86135C008C31FD /* OpenAI in Frameworks */,
				F87D26862D77ACD800CE746F /* FirebaseFirestore in Frameworks */,
				F87D26802D77ACD800CE746F /* FirebaseAuthCombine-Community in Frameworks */,
				F8B0DE602DDE9065000B4D16 /* GoogleSignInSwift in Frameworks */,
			);
			runOnlyForDeploymentPostprocessing = 0;
		};
/* End PBXFrameworksBuildPhase section */

/* Begin PBXGroup section */
		F87D26122D77A9D700CE746F = {
			isa = PBXGroup;
			children = (
				F87D261D2D77A9D700CE746F /* uTravel */,
				F87D261C2D77A9D700CE746F /* Products */,
			);
			sourceTree = "<group>";
		};
		F87D261C2D77A9D700CE746F /* Products */ = {
			isa = PBXGroup;
			children = (
				F87D261B2D77A9D700CE746F /* uTravel.app */,
			);
			name = Products;
			sourceTree = "<group>";
		};
		F8AD7EFD2DEF9A95005D714E /* Products */ = {
			isa = PBXGroup;
			children = (
			);
			name = Products;
			sourceTree = "<group>";
		};
		F8AD86D52DF0C2A5005D714E /* Products */ = {
			isa = PBXGroup;
			children = (
			);
			name = Products;
			sourceTree = "<group>";
		};
		F8AD88F22DF0C35E005D714E /* Products */ = {
			isa = PBXGroup;
			children = (
			);
			name = Products;
			sourceTree = "<group>";
		};
/* End PBXGroup section */

/* Begin PBXNativeTarget section */
		F87D261A2D77A9D700CE746F /* uTravel */ = {
			isa = PBXNativeTarget;
			buildConfigurationList = F87D26292D77A9D900CE746F /* Build configuration list for PBXNativeTarget "uTravel" */;
			buildPhases = (
				F87D26172D77A9D700CE746F /* Sources */,
				F87D26182D77A9D700CE746F /* Frameworks */,
				F87D26192D77A9D700CE746F /* Resources */,
			);
			buildRules = (
			);
			dependencies = (
			);
			fileSystemSynchronizedGroups = (
				F87D261D2D77A9D700CE746F /* uTravel */,
			);
			name = uTravel;
			packageProductDependencies = (
				F87D267D2D77ACD800CE746F /* FirebaseAuth */,
				F87D267F2D77ACD800CE746F /* FirebaseAuthCombine-Community */,
				F87D26812D77ACD800CE746F /* FirebaseCore */,
				F87D26832D77ACD800CE746F /* FirebaseDatabase */,
				F87D26852D77ACD800CE746F /* FirebaseFirestore */,
				F87D26872D77ACD800CE746F /* FirebaseFirestoreCombine-Community */,
				F89E4A312D86135C008C31FD /* OpenAI */,
				F88E6C1D2DC131C2007BD93F /* FirebaseInAppMessaging-Beta */,
				F8B0DDDD2DDD45E5000B4D16 /* SDWebImageSwiftUI */,
				F8B0DE5D2DDE9065000B4D16 /* GoogleSignIn */,
				F8B0DE5F2DDE9065000B4D16 /* GoogleSignInSwift */,
			);
			productName = uTravel;
			productReference = F87D261B2D77A9D700CE746F /* uTravel.app */;
			productType = "com.apple.product-type.application";
		};
/* End PBXNativeTarget section */

/* Begin PBXProject section */
		F87D26132D77A9D700CE746F /* Project object */ = {
			isa = PBXProject;
			attributes = {
				BuildIndependentTargetsInParallel = 1;
				LastSwiftUpdateCheck = 1600;
				LastUpgradeCheck = 1600;
				TargetAttributes = {
					F87D261A2D77A9D700CE746F = {
						CreatedOnToolsVersion = 16.0;
					};
				};
			};
			buildConfigurationList = F87D26162D77A9D700CE746F /* Build configuration list for PBXProject "uTravel" */;
			developmentRegion = en;
			hasScannedForEncodings = 0;
			knownRegions = (
				en,
				Base,
			);
			mainGroup = F87D26122D77A9D700CE746F;
			minimizedProjectReferenceProxies = 1;
			packageReferences = (
				F87D267C2D77ACD800CE746F /* XCRemoteSwiftPackageReference "firebase-ios-sdk" */,
				F89E4A302D86135C008C31FD /* XCRemoteSwiftPackageReference "OpenAI" */,
				F8B0DDDC2DDD45E5000B4D16 /* XCRemoteSwiftPackageReference "SDWebImageSwiftUI" */,
				F8B0DE5C2DDE9065000B4D16 /* XCRemoteSwiftPackageReference "GoogleSignIn-iOS" */,
			);
			preferredProjectObjectVersion = 77;
			productRefGroup = F87D261C2D77A9D700CE746F /* Products */;
			projectDirPath = "";
			projectReferences = (
				{
					ProductGroup = F8AD88F22DF0C35E005D714E /* Products */;
					ProjectRef = F8AD88F12DF0C35E005D714E /* uTravel.xcodeproj */;
				},
				{
					ProductGroup = F8AD7EFD2DEF9A95005D714E /* Products */;
					ProjectRef = F8AD7EFC2DEF9A95005D714E /* uTravel.xcodeproj */;
				},
				{
					ProductGroup = F8AD86D52DF0C2A5005D714E /* Products */;
					ProjectRef = F8AD86D32DF0C2A5005D714E /* uTravel.xcodeproj */;
				},
			);
			projectRoot = "";
			targets = (
				F87D261A2D77A9D700CE746F /* uTravel */,
			);
		};
/* End PBXProject section */

/* Begin PBXResourcesBuildPhase section */
		F87D26192D77A9D700CE746F /* Resources */ = {
			isa = PBXResourcesBuildPhase;
			buildActionMask = 2147483647;
			files = (
			);
			runOnlyForDeploymentPostprocessing = 0;
		};
/* End PBXResourcesBuildPhase section */

/* Begin PBXSourcesBuildPhase section */
		F87D26172D77A9D700CE746F /* Sources */ = {
			isa = PBXSourcesBuildPhase;
			buildActionMask = 2147483647;
			files = (
			);
			runOnlyForDeploymentPostprocessing = 0;
		};
/* End PBXSourcesBuildPhase section */

/* Begin XCBuildConfiguration section */
		F87D26272D77A9D900CE746F /* Debug */ = {
			isa = XCBuildConfiguration;
			buildSettings = {
				ALWAYS_SEARCH_USER_PATHS = NO;
				ASSETCATALOG_COMPILER_GENERATE_SWIFT_ASSET_SYMBOL_EXTENSIONS = YES;
				CLANG_ANALYZER_NONNULL = YES;
				CLANG_ANALYZER_NUMBER_OBJECT_CONVERSION = YES_AGGRESSIVE;
				CLANG_CXX_LANGUAGE_STANDARD = "gnu++20";
				CLANG_ENABLE_MODULES = YES;
				CLANG_ENABLE_OBJC_ARC = YES;
				CLANG_ENABLE_OBJC_WEAK = YES;
				CLANG_WARN_BLOCK_CAPTURE_AUTORELEASING = YES;
				CLANG_WARN_BOOL_CONVERSION = YES;
				CLANG_WARN_COMMA = YES;
				CLANG_WARN_CONSTANT_CONVERSION = YES;
				CLANG_WARN_DEPRECATED_OBJC_IMPLEMENTATIONS = YES;
				CLANG_WARN_DIRECT_OBJC_ISA_USAGE = YES_ERROR;
				CLANG_WARN_DOCUMENTATION_COMMENTS = YES;
				CLANG_WARN_EMPTY_BODY = YES;
				CLANG_WARN_ENUM_CONVERSION = YES;
				CLANG_WARN_INFINITE_RECURSION = YES;
				CLANG_WARN_INT_CONVERSION = YES;
				CLANG_WARN_NON_LITERAL_NULL_CONVERSION = YES;
				CLANG_WARN_OBJC_IMPLICIT_RETAIN_SELF = YES;
				CLANG_WARN_OBJC_LITERAL_CONVERSION = YES;
				CLANG_WARN_OBJC_ROOT_CLASS = YES_ERROR;
				CLANG_WARN_QUOTED_INCLUDE_IN_FRAMEWORK_HEADER = YES;
				CLANG_WARN_RANGE_LOOP_ANALYSIS = YES;
				CLANG_WARN_STRICT_PROTOTYPES = YES;
				CLANG_WARN_SUSPICIOUS_MOVE = YES;
				CLANG_WARN_UNGUARDED_AVAILABILITY = YES_AGGRESSIVE;
				CLANG_WARN_UNREACHABLE_CODE = YES;
				CLANG_WARN__DUPLICATE_METHOD_MATCH = YES;
				COPY_PHASE_STRIP = NO;
				DEBUG_INFORMATION_FORMAT = dwarf;
				ENABLE_STRICT_OBJC_MSGSEND = YES;
				ENABLE_TESTABILITY = YES;
				ENABLE_USER_SCRIPT_SANDBOXING = YES;
				GCC_C_LANGUAGE_STANDARD = gnu17;
				GCC_DYNAMIC_NO_PIC = NO;
				GCC_NO_COMMON_BLOCKS = YES;
				GCC_OPTIMIZATION_LEVEL = 0;
				GCC_PREPROCESSOR_DEFINITIONS = (
					"DEBUG=1",
					"$(inherited)",
				);
				GCC_WARN_64_TO_32_BIT_CONVERSION = YES;
				GCC_WARN_ABOUT_RETURN_TYPE = YES_ERROR;
				GCC_WARN_UNDECLARED_SELECTOR = YES;
				GCC_WARN_UNINITIALIZED_AUTOS = YES_AGGRESSIVE;
				GCC_WARN_UNUSED_FUNCTION = YES;
				GCC_WARN_UNUSED_VARIABLE = YES;
				IPHONEOS_DEPLOYMENT_TARGET = 18.0;
				LOCALIZATION_PREFERS_STRING_CATALOGS = YES;
				MTL_ENABLE_DEBUG_INFO = INCLUDE_SOURCE;
				MTL_FAST_MATH = YES;
				ONLY_ACTIVE_ARCH = YES;
				SDKROOT = iphoneos;
				SWIFT_ACTIVE_COMPILATION_CONDITIONS = "DEBUG $(inherited)";
				SWIFT_OPTIMIZATION_LEVEL = "-Onone";
			};
			name = Debug;
		};
		F87D26282D77A9D900CE746F /* Release */ = {
			isa = XCBuildConfiguration;
			buildSettings = {
				ALWAYS_SEARCH_USER_PATHS = NO;
				ASSETCATALOG_COMPILER_GENERATE_SWIFT_ASSET_SYMBOL_EXTENSIONS = YES;
				CLANG_ANALYZER_NONNULL = YES;
				CLANG_ANALYZER_NUMBER_OBJECT_CONVERSION = YES_AGGRESSIVE;
				CLANG_CXX_LANGUAGE_STANDARD = "gnu++20";
				CLANG_ENABLE_MODULES = YES;
				CLANG_ENABLE_OBJC_ARC = YES;
				CLANG_ENABLE_OBJC_WEAK = YES;
				CLANG_WARN_BLOCK_CAPTURE_AUTORELEASING = YES;
				CLANG_WARN_BOOL_CONVERSION = YES;
				CLANG_WARN_COMMA = YES;
				CLANG_WARN_CONSTANT_CONVERSION = YES;
				CLANG_WARN_DEPRECATED_OBJC_IMPLEMENTATIONS = YES;
				CLANG_WARN_DIRECT_OBJC_ISA_USAGE = YES_ERROR;
				CLANG_WARN_DOCUMENTATION_COMMENTS = YES;
				CLANG_WARN_EMPTY_BODY = YES;
				CLANG_WARN_ENUM_CONVERSION = YES;
				CLANG_WARN_INFINITE_RECURSION = YES;
				CLANG_WARN_INT_CONVERSION = YES;
				CLANG_WARN_NON_LITERAL_NULL_CONVERSION = YES;
				CLANG_WARN_OBJC_IMPLICIT_RETAIN_SELF = YES;
				CLANG_WARN_OBJC_LITERAL_CONVERSION = YES;
				CLANG_WARN_OBJC_ROOT_CLASS = YES_ERROR;
				CLANG_WARN_QUOTED_INCLUDE_IN_FRAMEWORK_HEADER = YES;
				CLANG_WARN_RANGE_LOOP_ANALYSIS = YES;
				CLANG_WARN_STRICT_PROTOTYPES = YES;
				CLANG_WARN_SUSPICIOUS_MOVE = YES;
				CLANG_WARN_UNGUARDED_AVAILABILITY = YES_AGGRESSIVE;
				CLANG_WARN_UNREACHABLE_CODE = YES;
				CLANG_WARN__DUPLICATE_METHOD_MATCH = YES;
				COPY_PHASE_STRIP = NO;
				DEBUG_INFORMATION_FORMAT = "dwarf-with-dsym";
				ENABLE_NS_ASSERTIONS = NO;
				ENABLE_STRICT_OBJC_MSGSEND = YES;
				ENABLE_USER_SCRIPT_SANDBOXING = YES;
				GCC_C_LANGUAGE_STANDARD = gnu17;
				GCC_NO_COMMON_BLOCKS = YES;
				GCC_WARN_64_TO_32_BIT_CONVERSION = YES;
				GCC_WARN_ABOUT_RETURN_TYPE = YES_ERROR;
				GCC_WARN_UNDECLARED_SELECTOR = YES;
				GCC_WARN_UNINITIALIZED_AUTOS = YES_AGGRESSIVE;
				GCC_WARN_UNUSED_FUNCTION = YES;
				GCC_WARN_UNUSED_VARIABLE = YES;
				IPHONEOS_DEPLOYMENT_TARGET = 18.0;
				LOCALIZATION_PREFERS_STRING_CATALOGS = YES;
				MTL_ENABLE_DEBUG_INFO = NO;
				MTL_FAST_MATH = YES;
				SDKROOT = iphoneos;
				SWIFT_COMPILATION_MODE = wholemodule;
				VALIDATE_PRODUCT = YES;
			};
			name = Release;
		};
		F87D262A2D77A9D900CE746F /* Debug */ = {
			isa = XCBuildConfiguration;
			buildSettings = {
				ASSETCATALOG_COMPILER_APPICON_NAME = AppIcon;
				ASSETCATALOG_COMPILER_GLOBAL_ACCENT_COLOR_NAME = AccentColor;
				CODE_SIGN_ENTITLEMENTS = uTravel/uTravel.entitlements;
				CODE_SIGN_STYLE = Automatic;
				CURRENT_PROJECT_VERSION = 1;
				DEVELOPMENT_ASSET_PATHS = "\"uTravel/Preview Content\"";
				DEVELOPMENT_TEAM = FJ6854V59N;
				ENABLE_PREVIEWS = YES;
				GENERATE_INFOPLIST_FILE = YES;
				INFOPLIST_FILE = uTravel/Info.plist;
				INFOPLIST_KEY_UIApplicationSceneManifest_Generation = YES;
				INFOPLIST_KEY_UIApplicationSupportsIndirectInputEvents = YES;
				INFOPLIST_KEY_UILaunchScreen_Generation = YES;
				INFOPLIST_KEY_UISupportedInterfaceOrientations_iPad = "UIInterfaceOrientationPortrait UIInterfaceOrientationPortraitUpsideDown UIInterfaceOrientationLandscapeLeft UIInterfaceOrientationLandscapeRight";
				INFOPLIST_KEY_UISupportedInterfaceOrientations_iPhone = "UIInterfaceOrientationPortrait UIInterfaceOrientationLandscapeLeft UIInterfaceOrientationLandscapeRight";
				IPHONEOS_DEPLOYMENT_TARGET = 18.0;
				LD_RUNPATH_SEARCH_PATHS = (
					"$(inherited)",
					"@executable_path/Frameworks",
				);
				MARKETING_VERSION = 1.0;
				PRODUCT_BUNDLE_IDENTIFIER = com.github.th0de.uTravel;
				PRODUCT_NAME = "$(TARGET_NAME)";
				SWIFT_EMIT_LOC_STRINGS = YES;
				SWIFT_VERSION = 5.0;
				TARGETED_DEVICE_FAMILY = "1,2";
			};
			name = Debug;
		};
		F87D262B2D77A9D900CE746F /* Release */ = {
			isa = XCBuildConfiguration;
			buildSettings = {
				ASSETCATALOG_COMPILER_APPICON_NAME = AppIcon;
				ASSETCATALOG_COMPILER_GLOBAL_ACCENT_COLOR_NAME = AccentColor;
				CODE_SIGN_ENTITLEMENTS = uTravel/uTravel.entitlements;
				CODE_SIGN_STYLE = Automatic;
				CURRENT_PROJECT_VERSION = 1;
				DEVELOPMENT_ASSET_PATHS = "\"uTravel/Preview Content\"";
				DEVELOPMENT_TEAM = FJ6854V59N;
				ENABLE_PREVIEWS = YES;
				GENERATE_INFOPLIST_FILE = YES;
				INFOPLIST_FILE = uTravel/Info.plist;
				INFOPLIST_KEY_UIApplicationSceneManifest_Generation = YES;
				INFOPLIST_KEY_UIApplicationSupportsIndirectInputEvents = YES;
				INFOPLIST_KEY_UILaunchScreen_Generation = YES;
				INFOPLIST_KEY_UISupportedInterfaceOrientations_iPad = "UIInterfaceOrientationPortrait UIInterfaceOrientationPortraitUpsideDown UIInterfaceOrientationLandscapeLeft UIInterfaceOrientationLandscapeRight";
				INFOPLIST_KEY_UISupportedInterfaceOrientations_iPhone = "UIInterfaceOrientationPortrait UIInterfaceOrientationLandscapeLeft UIInterfaceOrientationLandscapeRight";
				IPHONEOS_DEPLOYMENT_TARGET = 18.0;
				LD_RUNPATH_SEARCH_PATHS = (
					"$(inherited)",
					"@executable_path/Frameworks",
				);
				MARKETING_VERSION = 1.0;
				PRODUCT_BUNDLE_IDENTIFIER = com.github.th0de.uTravel;
				PRODUCT_NAME = "$(TARGET_NAME)";
				SWIFT_EMIT_LOC_STRINGS = YES;
				SWIFT_VERSION = 5.0;
				TARGETED_DEVICE_FAMILY = "1,2";
			};
			name = Release;
		};
/* End XCBuildConfiguration section */

/* Begin XCConfigurationList section */
		F87D26162D77A9D700CE746F /* Build configuration list for PBXProject "uTravel" */ = {
			isa = XCConfigurationList;
			buildConfigurations = (
				F87D26272D77A9D900CE746F /* Debug */,
				F87D26282D77A9D900CE746F /* Release */,
			);
			defaultConfigurationIsVisible = 0;
			defaultConfigurationName = Release;
		};
		F87D26292D77A9D900CE746F /* Build configuration list for PBXNativeTarget "uTravel" */ = {
			isa = XCConfigurationList;
			buildConfigurations = (
				F87D262A2D77A9D900CE746F /* Debug */,
				F87D262B2D77A9D900CE746F /* Release */,
			);
			defaultConfigurationIsVisible = 0;
			defaultConfigurationName = Release;
		};
/* End XCConfigurationList section */

/* Begin XCRemoteSwiftPackageReference section */
		F87D267C2D77ACD800CE746F /* XCRemoteSwiftPackageReference "firebase-ios-sdk" */ = {
			isa = XCRemoteSwiftPackageReference;
			repositoryURL = "https://github.com/firebase/firebase-ios-sdk";
			requirement = {
				kind = upToNextMajorVersion;
				minimumVersion = 11.9.0;
			};
		};
		F89E4A302D86135C008C31FD /* XCRemoteSwiftPackageReference "OpenAI" */ = {
			isa = XCRemoteSwiftPackageReference;
			repositoryURL = "https://github.com/MacPaw/OpenAI";
			requirement = {
				kind = exactVersion;
				version = 0.2.3;
			};
		};
		F8B0DDDC2DDD45E5000B4D16 /* XCRemoteSwiftPackageReference "SDWebImageSwiftUI" */ = {
			isa = XCRemoteSwiftPackageReference;
			repositoryURL = "https://github.com/SDWebImage/SDWebImageSwiftUI";
			requirement = {
				kind = upToNextMajorVersion;
				minimumVersion = 3.1.3;
			};
		};
		F8B0DE5C2DDE9065000B4D16 /* XCRemoteSwiftPackageReference "GoogleSignIn-iOS" */ = {
			isa = XCRemoteSwiftPackageReference;
			repositoryURL = "https://github.com/google/GoogleSignIn-iOS";
			requirement = {
				kind = upToNextMajorVersion;
				minimumVersion = 8.0.0;
			};
		};
/* End XCRemoteSwiftPackageReference section */

/* Begin XCSwiftPackageProductDependency section */
		F87D267D2D77ACD800CE746F /* FirebaseAuth */ = {
			isa = XCSwiftPackageProductDependency;
			package = F87D267C2D77ACD800CE746F /* XCRemoteSwiftPackageReference "firebase-ios-sdk" */;
			productName = FirebaseAuth;
		};
		F87D267F2D77ACD800CE746F /* FirebaseAuthCombine-Community */ = {
			isa = XCSwiftPackageProductDependency;
			package = F87D267C2D77ACD800CE746F /* XCRemoteSwiftPackageReference "firebase-ios-sdk" */;
			productName = "FirebaseAuthCombine-Community";
		};
		F87D26812D77ACD800CE746F /* FirebaseCore */ = {
			isa = XCSwiftPackageProductDependency;
			package = F87D267C2D77ACD800CE746F /* XCRemoteSwiftPackageReference "firebase-ios-sdk" */;
			productName = FirebaseCore;
		};
		F87D26832D77ACD800CE746F /* FirebaseDatabase */ = {
			isa = XCSwiftPackageProductDependency;
			package = F87D267C2D77ACD800CE746F /* XCRemoteSwiftPackageReference "firebase-ios-sdk" */;
			productName = FirebaseDatabase;
		};
		F87D26852D77ACD800CE746F /* FirebaseFirestore */ = {
			isa = XCSwiftPackageProductDependency;
			package = F87D267C2D77ACD800CE746F /* XCRemoteSwiftPackageReference "firebase-ios-sdk" */;
			productName = FirebaseFirestore;
		};
		F87D26872D77ACD800CE746F /* FirebaseFirestoreCombine-Community */ = {
			isa = XCSwiftPackageProductDependency;
			package = F87D267C2D77ACD800CE746F /* XCRemoteSwiftPackageReference "firebase-ios-sdk" */;
			productName = "FirebaseFirestoreCombine-Community";
		};
		F88E6C1D2DC131C2007BD93F /* FirebaseInAppMessaging-Beta */ = {
			isa = XCSwiftPackageProductDependency;
			package = F87D267C2D77ACD800CE746F /* XCRemoteSwiftPackageReference "firebase-ios-sdk" */;
			productName = "FirebaseInAppMessaging-Beta";
		};
		F89E4A312D86135C008C31FD /* OpenAI */ = {
			isa = XCSwiftPackageProductDependency;
			package = F89E4A302D86135C008C31FD /* XCRemoteSwiftPackageReference "OpenAI" */;
			productName = OpenAI;
		};
		F8B0DDDD2DDD45E5000B4D16 /* SDWebImageSwiftUI */ = {
			isa = XCSwiftPackageProductDependency;
			package = F8B0DDDC2DDD45E5000B4D16 /* XCRemoteSwiftPackageReference "SDWebImageSwiftUI" */;
			productName = SDWebImageSwiftUI;
		};
		F8B0DE5D2DDE9065000B4D16 /* GoogleSignIn */ = {
			isa = XCSwiftPackageProductDependency;
			package = F8B0DE5C2DDE9065000B4D16 /* XCRemoteSwiftPackageReference "GoogleSignIn-iOS" */;
			productName = GoogleSignIn;
		};
		F8B0DE5F2DDE9065000B4D16 /* GoogleSignInSwift */ = {
			isa = XCSwiftPackageProductDependency;
			package = F8B0DE5C2DDE9065000B4D16 /* XCRemoteSwiftPackageReference "GoogleSignIn-iOS" */;
			productName = GoogleSignInSwift;
		};
/* End XCSwiftPackageProductDependency section */
	};
	rootObject = F87D26132D77A9D700CE746F /* Project object */;
}
